# This file was autogenerated by Stack.
# You should not edit this file by hand.
# For more information, please see the documentation at:
#   https://docs.haskellstack.org/en/stable/lock_files

packages:
- completed:
    hackage: base-compat-0.9.3@sha256:66691ca16b7ceb8c38bd2bac6ffe8e0eee25f408020cb8150a0444f8824e7458,4508
    pantry-tree:
      size: 4363
      sha256: f84476f8e203dc456200c11d18ded408d61fdfdd52833c117106dd776432eb7a
  original:
    hackage: base-compat-0.9.3
- completed:
    hackage: bytebuild-0.3.7.0@sha256:dd3cd96f44670f6c38539d6a6b210afd19a1ff4883f92c96862c33de277f308e,2982
    pantry-tree:
      size: 844
      sha256: 7445e3458b19692565380ea63ffdb4f24f7619e35cff14ed9d6b73707fee4cee
  original:
    hackage: bytebuild-0.3.7.0
- completed:
    hackage: byteslice-0.2.3.0@sha256:3ebcc77f8ac9fec3ca1a8304e66cfe0a1590c9272b768f2b19637e06de00bf6d,2014
    pantry-tree:
      size: 1095
      sha256: 9ada4e1c418e8d9029edefdf664c64ff419ed1f02564e5a0dd28dd03e1e716a6
  original:
    hackage: byteslice-0.2.3.0
- completed:
    hackage: disjoint-containers-0.2.4@sha256:8eb77b55d221f6b29f7f82a822839c7e13d63788dac92da7f32859ee0f91cf1e,1331
    pantry-tree:
      size: 449
      sha256: f7d47588baf259d8e6465295c5f4a5c079149370cbfbe58dcceebf52fd019949
  original:
    hackage: disjoint-containers-0.2.4
- completed:
    hackage: primitive-0.7.0.0@sha256:c45abc68bec080e3f1ab347dd331617d43fded94a473086bf21aeda69a6e20bc,3552
    pantry-tree:
      size: 3221
      sha256: 2d85b8e01790534e666f519787454bab613c21d609f6707cb56c3301fafcc8cb
  original:
    hackage: primitive-0.7.0.0
- completed:
    hackage: primitive-addr-0.1.0.2@sha256:97eff091d1f89705635017b5459013bb19537ebb9fc630560116abf3e9e50f93,720
    pantry-tree:
      size: 276
      sha256: 775df7896fd477c56671505db97aff519ac76bce9f04a6fc55965e189057bd79
  original:
    hackage: primitive-addr-0.1.0.2
- completed:
    hackage: primitive-unaligned-0.1.1.0@sha256:a99337e10cb89ee16e9087d854cd90388aeffec3f8e6d7bbf348c137b87c63c0,1277
    pantry-tree:
      size: 457
      sha256: 08c6daf62f33dd7de4019ec190aebc7ce0f2f2f064cc9bc7e4b0700af7f90935
  original:
    hackage: primitive-unaligned-0.1.1.0
- completed:
    hackage: primitive-unlifted-0.1.2.0@sha256:9c3df73af54ed19fb3f4874da19334863cc414b22e578e27b5f52beeac4a60dd,1360
    pantry-tree:
      size: 420
      sha256: cc6ffb1b48aa3f514c107f5188d5d5beb4e61a4232a81be7025b54f9be66a837
  original:
    hackage: primitive-unlifted-0.1.2.0
- completed:
    hackage: quickcheck-classes-0.6.4.0@sha256:140a7c9f8c2ce98fffeb4efcb919584ef4fc837b45c2990c5e23802a12448e26,5991
    pantry-tree:
      size: 1320
      sha256: a7f40c731f41ed8e02e6c7c09dfe59002b7851a19f3d0d72b935d79bc5f014f3
  original:
    hackage: quickcheck-classes-0.6.4.0
- completed:
    hackage: quickcheck-classes-base-0.6.0.0@sha256:a6f9d0c0acdd6ad79571261cf58c415983992f613982f30db26c7afee947312d,3680
    pantry-tree:
      size: 2557
      sha256: 496cdf2e4a65a6a29db3e12041f315f31cc0fe51ffd927a3f3dc4683f8fa4c8f
  original:
    hackage: quickcheck-classes-base-0.6.0.0
- completed:
    hackage: run-st-0.1.1.0@sha256:a43245bb23984089016772481bf52bfe63eaff0c5040303f69c9b15e80872fdc,883
    pantry-tree:
      size: 269
      sha256: 06d5d7ecf185a26c15e48cda6c30e8865dae715c528a31466701272fae36d822
  original:
    hackage: run-st-0.1.1.0
- completed:
    hackage: siphon-0.8.1@sha256:6114a9b9732f22beaf5722537f6d42548e9e1d38b5a19ea00dd0c387cb03824f,1432
    pantry-tree:
      size: 372
      sha256: 37bee2a2e8f949d9eaac179eb59e094e9f1d3c1cd831b42f8abcf44e315e6dec
  original:
    hackage: siphon-0.8.1
- completed:
    hackage: byte-order-0.1.2.0@sha256:e0a5de48cfcf8d01535c43a1c1657c2589c1848b9b209288538d1f0f20474336,1207
    pantry-tree:
      size: 560
      sha256: bbe6e9d48ce1d96f9dd342437f504c29feee7e2bb7522bda55b7402715233258
  original:
    hackage: byte-order-0.1.2.0
- completed:
    hackage: small-bytearray-builder-0.3.2.0@sha256:1d1d364ecd6a9ef402ae588f4a6f80351840552cf659f8a92c459fb12d54ac3f,2991
    pantry-tree:
      size: 873
      sha256: 6594410c783e7934bedefd8e80d37315f8d7ba4988a337d2069cc836ec7681ed
  original:
    hackage: small-bytearray-builder-0.3.2.0
- completed:
    hackage: natural-arithmetic-0.1.1.0@sha256:5c7cd0b0e6941b14ee1034fefafb29e6380d4c6a57b219983b8402f19ef98548,3411
    pantry-tree:
      size: 714
      sha256: ab450e4956e128b253bab8ad86c734b55275615aa2ddd2899884c6408ada46ca
  original:
    hackage: natural-arithmetic-0.1.1.0
- completed:
    hackage: primitive-offset-0.2.0.0@sha256:f8006927d5c0a3e83707610bbc5514aabe8f84a907ecb07edd2c815f58299dea,843
    pantry-tree:
      size: 368
      sha256: 6dbc2fbfd70920a1de5a76d3715506edc0895c81a2f7b856d3abb027865d4605
  original:
    hackage: primitive-offset-0.2.0.0
- completed:
    hackage: bytehash-0.1.0.0@sha256:31d9018c896eff6170329774ec1c1b247712448871f2400a541e92e64286c610,2017
    pantry-tree:
      size: 587
      sha256: 48315bcf32ca2188401b7c1c2a27a6ad07158f836fe01ab2cd7f70ae8d49bf62
  original:
    hackage: bytehash-0.1.0.0
- completed:
    hackage: tuples-0.1.0.0@sha256:7006c1cab721ad3e39cdbf1ccb07ec050b94d654cc6e39277d46241eee6ac7c9,1088
    pantry-tree:
      size: 320
      sha256: 57009cc671ed8e43738be3bf7b1392461ad086083df633a2f4f9c7206a14a79c
  original:
    hackage: tuples-0.1.0.0
- completed:
    hackage: wide-word-0.1.1.1@sha256:d3465109036cbbe3fc3266944f5a9defcb85b506afcbd2cd525baf8e0908d837,2998
    pantry-tree:
      size: 801
      sha256: 62d8502c4698bdf60239f5f13637d0dcc4c946970bd9f7f6a54c47f8f8c605da
  original:
    hackage: wide-word-0.1.1.1
snapshots:
- completed:
    size: 524154
    url: https://raw.githubusercontent.com/commercialhaskell/stackage-snapshots/master/lts/14/20.yaml
    sha256: 2f5099f69ddb6abfe64400fe1e6a604e8e628f55e6837211cd70a81eb0a8fa4d
  original: lts-14.20
